
Microsoft Visual Studio Solution File, Format Version 12.00
# Visual Studio Version 17
VisualStudioVersion = 17.7.34221.43
MinimumVisualStudioVersion = 10.0.40219.1
Project("{9A19103F-16F7-4668-BE54-9A1E7A4F7556}") = "ConvertTextWebApp", "ConvertTextWebApp\ConvertTextWebApp.csproj", "{4AE7FE0C-D76A-44EF-AE2C-9F5A51CFCB8A}"
EndProject
Project("{FAE04EC0-301F-11D3-BF4B-00C04F79EFBC}") = "ConvertTextWebApp.Business", "ConvertTextWebApp.Business\ConvertTextWebApp.Business.csproj", "{D9075724-511D-4A8D-908D-8E6005F1C26C}"
EndProject
Project("{FAE04EC0-301F-11D3-BF4B-00C04F79EFBC}") = "ConvertTextWebApp.UnitTest", "ConvertTextWebApp.UnitTest\ConvertTextWebApp.UnitTest.csproj", "{8C51FC8D-3F88-4DBA-B79B-6AC23C3C54F2}"
EndProject
Global
	GlobalSection(SolutionConfigurationPlatforms) = preSolution
		Debug|Any CPU = Debug|Any CPU
		Release|Any CPU = Release|Any CPU
	EndGlobalSection
	GlobalSection(ProjectConfigurationPlatforms) = postSolution
		{4AE7FE0C-D76A-44EF-AE2C-9F5A51CFCB8A}.Debug|Any CPU.ActiveCfg = Debug|Any CPU
		{4AE7FE0C-D76A-44EF-AE2C-9F5A51CFCB8A}.Debug|Any CPU.Build.0 = Debug|Any CPU
		{4AE7FE0C-D76A-44EF-AE2C-9F5A51CFCB8A}.Release|Any CPU.ActiveCfg = Release|Any CPU
		{4AE7FE0C-D76A-44EF-AE2C-9F5A51CFCB8A}.Release|Any CPU.Build.0 = Release|Any CPU
		{D9075724-511D-4A8D-908D-8E6005F1C26C}.Debug|Any CPU.ActiveCfg = Debug|Any CPU
		{D9075724-511D-4A8D-908D-8E6005F1C26C}.Debug|Any CPU.Build.0 = Debug|Any CPU
		{D9075724-511D-4A8D-908D-8E6005F1C26C}.Release|Any CPU.ActiveCfg = Release|Any CPU
		{D9075724-511D-4A8D-908D-8E6005F1C26C}.Release|Any CPU.Build.0 = Release|Any CPU
		{8C51FC8D-3F88-4DBA-B79B-6AC23C3C54F2}.Debug|Any CPU.ActiveCfg = Debug|Any CPU
		{8C51FC8D-3F88-4DBA-B79B-6AC23C3C54F2}.Debug|Any CPU.Build.0 = Debug|Any CPU
		{8C51FC8D-3F88-4DBA-B79B-6AC23C3C54F2}.Release|Any CPU.ActiveCfg = Release|Any CPU
		{8C51FC8D-3F88-4DBA-B79B-6AC23C3C54F2}.Release|Any CPU.Build.0 = Release|Any CPU
	EndGlobalSection
	GlobalSection(SolutionProperties) = preSolution
		HideSolutionNode = FALSE
	EndGlobalSection
	GlobalSection(ExtensibilityGlobals) = postSolution
		SolutionGuid = {5D7C5CDD-1AB3-4D38-9702-3DC229A8AB51}
	EndGlobalSection
EndGlobal
